
Microsoft Visual Studio Solution File, Format Version 12.00
# Visual Studio 15
VisualStudioVersion = 15.0.28307.421
MinimumVisualStudioVersion = 10.0.40219.1
Project("{FAE04EC0-301F-11D3-BF4B-00C04F79EFBC}") = "WebService.ClassLibrary", "WebService.ClassLibrary\WebService.ClassLibrary.csproj", "{18779A05-2D4D-44BF-ADEA-2AA73B74446D}"
EndProject
Project("{FAE04EC0-301F-11D3-BF4B-00C04F79EFBC}") = "WebService.AspNet.Mvc", "WebService.AspNet.Mvc\WebService.AspNet.Mvc.csproj", "{27738287-6E2E-4E7A-939E-BFA34BA8EE06}"
EndProject
Project("{FAE04EC0-301F-11D3-BF4B-00C04F79EFBC}") = "WebService.Console", "WebService.Console\WebService.Console.csproj", "{15A28653-A734-464A-BDB1-EA4B619914B6}"
EndProject
Global
	GlobalSection(SolutionConfigurationPlatforms) = preSolution
		Debug|Any CPU = Debug|Any CPU
		Release|Any CPU = Release|Any CPU
	EndGlobalSection
	GlobalSection(ProjectConfigurationPlatforms) = postSolution
		{18779A05-2D4D-44BF-ADEA-2AA73B74446D}.Debug|Any CPU.ActiveCfg = Debug|Any CPU
		{18779A05-2D4D-44BF-ADEA-2AA73B74446D}.Debug|Any CPU.Build.0 = Debug|Any CPU
		{18779A05-2D4D-44BF-ADEA-2AA73B74446D}.Release|Any CPU.ActiveCfg = Release|Any CPU
		{18779A05-2D4D-44BF-ADEA-2AA73B74446D}.Release|Any CPU.Build.0 = Release|Any CPU
		{27738287-6E2E-4E7A-939E-BFA34BA8EE06}.Debug|Any CPU.ActiveCfg = Debug|Any CPU
		{27738287-6E2E-4E7A-939E-BFA34BA8EE06}.Debug|Any CPU.Build.0 = Debug|Any CPU
		{27738287-6E2E-4E7A-939E-BFA34BA8EE06}.Release|Any CPU.ActiveCfg = Release|Any CPU
		{27738287-6E2E-4E7A-939E-BFA34BA8EE06}.Release|Any CPU.Build.0 = Release|Any CPU
		{15A28653-A734-464A-BDB1-EA4B619914B6}.Debug|Any CPU.ActiveCfg = Debug|Any CPU
		{15A28653-A734-464A-BDB1-EA4B619914B6}.Debug|Any CPU.Build.0 = Debug|Any CPU
		{15A28653-A734-464A-BDB1-EA4B619914B6}.Release|Any CPU.ActiveCfg = Release|Any CPU
		{15A28653-A734-464A-BDB1-EA4B619914B6}.Release|Any CPU.Build.0 = Release|Any CPU
	EndGlobalSection
	GlobalSection(SolutionProperties) = preSolution
		HideSolutionNode = FALSE
	EndGlobalSection
	GlobalSection(ExtensibilityGlobals) = postSolution
		SolutionGuid = {19F412ED-D868-47E4-B4D4-4A2A7179BFA7}
	EndGlobalSection
EndGlobal
